
Microsoft Visual Studio Solution File, Format Version 12.00
# Visual Studio Version 16
VisualStudioVersion = 16.0.810.25
MinimumVisualStudioVersion = 10.0.40219.1
Project("{FAE04EC0-301F-11D3-BF4B-00C04F79EFBC}") = "TestDataGenerator", "TestDataGenerator\TestDataGenerator.csproj", "{1333932E-65A7-475E-ADB9-2799C9403B61}"
EndProject
Project("{FAE04EC0-301F-11D3-BF4B-00C04F79EFBC}") = "UnitTest", "UnitTest\UnitTest.csproj", "{DCD360DE-3857-4611-A05B-457FCB9E2736}"
EndProject
Global
	GlobalSection(SolutionConfigurationPlatforms) = preSolution
		Debug|Any CPU = Debug|Any CPU
		Release|Any CPU = Release|Any CPU
	EndGlobalSection
	GlobalSection(ProjectConfigurationPlatforms) = postSolution
		{1333932E-65A7-475E-ADB9-2799C9403B61}.Debug|Any CPU.ActiveCfg = Debug|Any CPU
		{1333932E-65A7-475E-ADB9-2799C9403B61}.Debug|Any CPU.Build.0 = Debug|Any CPU
		{1333932E-65A7-475E-ADB9-2799C9403B61}.Release|Any CPU.ActiveCfg = Release|Any CPU
		{1333932E-65A7-475E-ADB9-2799C9403B61}.Release|Any CPU.Build.0 = Release|Any CPU
		{DCD360DE-3857-4611-A05B-457FCB9E2736}.Debug|Any CPU.ActiveCfg = Debug|Any CPU
		{DCD360DE-3857-4611-A05B-457FCB9E2736}.Debug|Any CPU.Build.0 = Debug|Any CPU
		{DCD360DE-3857-4611-A05B-457FCB9E2736}.Release|Any CPU.ActiveCfg = Release|Any CPU
		{DCD360DE-3857-4611-A05B-457FCB9E2736}.Release|Any CPU.Build.0 = Release|Any CPU
	EndGlobalSection
	GlobalSection(SolutionProperties) = preSolution
		HideSolutionNode = FALSE
	EndGlobalSection
	GlobalSection(ExtensibilityGlobals) = postSolution
		SolutionGuid = {B65297C5-12FA-43FC-A529-ED3409F9F5C4}
	EndGlobalSection
EndGlobal
